
Microsoft Visual Studio Solution File, Format Version 12.00
Project("{FAE04EC0-301F-11D3-BF4B-00C04F79EFBC}") = "DirectorySync", "DirectorySync\DirectorySync.csproj", "{1F736D3E-70EB-4226-B318-7F3EDF797C26}"
EndProject
Project("{FAE04EC0-301F-11D3-BF4B-00C04F79EFBC}") = "DirectorySync.Core", "DirectorySync.Core\DirectorySync.Core.csproj", "{0801C3BF-32F8-42D8-A122-8BB2880E83D9}"
EndProject
Project("{FAE04EC0-301F-11D3-BF4B-00C04F79EFBC}") = "DirectorySync.Console", "DirectorySync.Console\DirectorySync.Console.csproj", "{D943B604-391E-497F-A260-6ED65DE91FB5}"
EndProject
Global
	GlobalSection(SolutionConfigurationPlatforms) = preSolution
		Debug|Any CPU = Debug|Any CPU
		Release|Any CPU = Release|Any CPU
	EndGlobalSection
	GlobalSection(ProjectConfigurationPlatforms) = postSolution
		{1F736D3E-70EB-4226-B318-7F3EDF797C26}.Debug|Any CPU.ActiveCfg = Debug|Any CPU
		{1F736D3E-70EB-4226-B318-7F3EDF797C26}.Debug|Any CPU.Build.0 = Debug|Any CPU
		{1F736D3E-70EB-4226-B318-7F3EDF797C26}.Release|Any CPU.ActiveCfg = Release|Any CPU
		{1F736D3E-70EB-4226-B318-7F3EDF797C26}.Release|Any CPU.Build.0 = Release|Any CPU
		{0801C3BF-32F8-42D8-A122-8BB2880E83D9}.Debug|Any CPU.ActiveCfg = Debug|Any CPU
		{0801C3BF-32F8-42D8-A122-8BB2880E83D9}.Debug|Any CPU.Build.0 = Debug|Any CPU
		{0801C3BF-32F8-42D8-A122-8BB2880E83D9}.Release|Any CPU.ActiveCfg = Release|Any CPU
		{0801C3BF-32F8-42D8-A122-8BB2880E83D9}.Release|Any CPU.Build.0 = Release|Any CPU
		{D943B604-391E-497F-A260-6ED65DE91FB5}.Debug|Any CPU.ActiveCfg = Debug|Any CPU
		{D943B604-391E-497F-A260-6ED65DE91FB5}.Debug|Any CPU.Build.0 = Debug|Any CPU
		{D943B604-391E-497F-A260-6ED65DE91FB5}.Release|Any CPU.ActiveCfg = Release|Any CPU
		{D943B604-391E-497F-A260-6ED65DE91FB5}.Release|Any CPU.Build.0 = Release|Any CPU
	EndGlobalSection
EndGlobal
